
Microsoft Visual Studio Solution File, Format Version 12.00
# Visual Studio Version 17
VisualStudioVersion = 17.11.35222.181
MinimumVisualStudioVersion = 10.0.40219.1
Project("{9A19103F-16F7-4668-BE54-9A1E7A4F7556}") = "HæveAutomatApp", "HæveAutomatApp\HæveAutomatApp.csproj", "{AC181755-7FA2-4369-A172-317DA7CB9EB5}"
EndProject
Project("{FAE04EC0-301F-11D3-BF4B-00C04F79EFBC}") = "HæveautomatTests", "HæveautomatTests\HæveautomatTests.csproj", "{E12F2FCF-22CB-4170-825A-19BEE92C3AE3}"
EndProject
Global
	GlobalSection(SolutionConfigurationPlatforms) = preSolution
		Debug|Any CPU = Debug|Any CPU
		Release|Any CPU = Release|Any CPU
	EndGlobalSection
	GlobalSection(ProjectConfigurationPlatforms) = postSolution
		{9469E820-EFD0-46C8-8F3F-2EEAC95521AC}.Debug|Any CPU.ActiveCfg = Debug|Any CPU
		{9469E820-EFD0-46C8-8F3F-2EEAC95521AC}.Debug|Any CPU.Build.0 = Debug|Any CPU
		{9469E820-EFD0-46C8-8F3F-2EEAC95521AC}.Release|Any CPU.ActiveCfg = Release|Any CPU
		{9469E820-EFD0-46C8-8F3F-2EEAC95521AC}.Release|Any CPU.Build.0 = Release|Any CPU
		{AC181755-7FA2-4369-A172-317DA7CB9EB5}.Debug|Any CPU.ActiveCfg = Debug|Any CPU
		{AC181755-7FA2-4369-A172-317DA7CB9EB5}.Debug|Any CPU.Build.0 = Debug|Any CPU
		{AC181755-7FA2-4369-A172-317DA7CB9EB5}.Release|Any CPU.ActiveCfg = Release|Any CPU
		{AC181755-7FA2-4369-A172-317DA7CB9EB5}.Release|Any CPU.Build.0 = Release|Any CPU
		{E12F2FCF-22CB-4170-825A-19BEE92C3AE3}.Debug|Any CPU.ActiveCfg = Debug|Any CPU
		{E12F2FCF-22CB-4170-825A-19BEE92C3AE3}.Debug|Any CPU.Build.0 = Debug|Any CPU
		{E12F2FCF-22CB-4170-825A-19BEE92C3AE3}.Release|Any CPU.ActiveCfg = Release|Any CPU
		{E12F2FCF-22CB-4170-825A-19BEE92C3AE3}.Release|Any CPU.Build.0 = Release|Any CPU
	EndGlobalSection
	GlobalSection(SolutionProperties) = preSolution
		HideSolutionNode = FALSE
	EndGlobalSection
	GlobalSection(ExtensibilityGlobals) = postSolution
		SolutionGuid = {FE756346-D056-4A7D-B50A-7BEF7322E6D9}
	EndGlobalSection
EndGlobal
